
Microsoft Visual Studio Solution File, Format Version 12.00
# Visual Studio Version 17
VisualStudioVersion = 17.6.33723.286
MinimumVisualStudioVersion = 10.0.40219.1
Project("{FAE04EC0-301F-11D3-BF4B-00C04F79EFBC}") = "QuickMerk.API", "QuickMerk.API\QuickMerk.API.csproj", "{4D774700-1D0C-4C67-9438-B7BEE2DEF471}"
EndProject
Project("{FAE04EC0-301F-11D3-BF4B-00C04F79EFBC}") = "QuickMerk.Domain", "QuickMerk.Domain\QuickMerk.Domain.csproj", "{4372FC9B-6721-407C-B399-37A1D1264BF7}"
EndProject
Project("{FAE04EC0-301F-11D3-BF4B-00C04F79EFBC}") = "QuickMerk.Application", "QuickMerk.Application\QuickMerk.Application.csproj", "{923B455E-A55C-45B2-BC74-67D49F5652AB}"
EndProject
Project("{FAE04EC0-301F-11D3-BF4B-00C04F79EFBC}") = "QuickMerk.Infraestructure", "QuickMerk.Infraestructure\QuickMerk.Infraestructure.csproj", "{9E08A0B5-D459-4ACE-94E5-2D71191F5154}"
EndProject
Global
	GlobalSection(SolutionConfigurationPlatforms) = preSolution
		Debug|Any CPU = Debug|Any CPU
		Release|Any CPU = Release|Any CPU
	EndGlobalSection
	GlobalSection(ProjectConfigurationPlatforms) = postSolution
		{4D774700-1D0C-4C67-9438-B7BEE2DEF471}.Debug|Any CPU.ActiveCfg = Debug|Any CPU
		{4D774700-1D0C-4C67-9438-B7BEE2DEF471}.Debug|Any CPU.Build.0 = Debug|Any CPU
		{4D774700-1D0C-4C67-9438-B7BEE2DEF471}.Release|Any CPU.ActiveCfg = Release|Any CPU
		{4D774700-1D0C-4C67-9438-B7BEE2DEF471}.Release|Any CPU.Build.0 = Release|Any CPU
		{4372FC9B-6721-407C-B399-37A1D1264BF7}.Debug|Any CPU.ActiveCfg = Debug|Any CPU
		{4372FC9B-6721-407C-B399-37A1D1264BF7}.Debug|Any CPU.Build.0 = Debug|Any CPU
		{4372FC9B-6721-407C-B399-37A1D1264BF7}.Release|Any CPU.ActiveCfg = Release|Any CPU
		{4372FC9B-6721-407C-B399-37A1D1264BF7}.Release|Any CPU.Build.0 = Release|Any CPU
		{923B455E-A55C-45B2-BC74-67D49F5652AB}.Debug|Any CPU.ActiveCfg = Debug|Any CPU
		{923B455E-A55C-45B2-BC74-67D49F5652AB}.Debug|Any CPU.Build.0 = Debug|Any CPU
		{923B455E-A55C-45B2-BC74-67D49F5652AB}.Release|Any CPU.ActiveCfg = Release|Any CPU
		{923B455E-A55C-45B2-BC74-67D49F5652AB}.Release|Any CPU.Build.0 = Release|Any CPU
		{9E08A0B5-D459-4ACE-94E5-2D71191F5154}.Debug|Any CPU.ActiveCfg = Debug|Any CPU
		{9E08A0B5-D459-4ACE-94E5-2D71191F5154}.Debug|Any CPU.Build.0 = Debug|Any CPU
		{9E08A0B5-D459-4ACE-94E5-2D71191F5154}.Release|Any CPU.ActiveCfg = Release|Any CPU
		{9E08A0B5-D459-4ACE-94E5-2D71191F5154}.Release|Any CPU.Build.0 = Release|Any CPU
	EndGlobalSection
	GlobalSection(SolutionProperties) = preSolution
		HideSolutionNode = FALSE
	EndGlobalSection
	GlobalSection(ExtensibilityGlobals) = postSolution
		SolutionGuid = {348A5394-1C39-4476-91A0-07947466B5D9}
	EndGlobalSection
EndGlobal
