
Microsoft Visual Studio Solution File, Format Version 12.00
# Visual Studio Version 17
VisualStudioVersion = 17.6.33723.286
MinimumVisualStudioVersion = 10.0.40219.1
Project("{FAE04EC0-301F-11D3-BF4B-00C04F79EFBC}") = "testeo", "testeo.csproj", "{DC267BD8-7372-4100-926B-ABBDEF3EAD5B}"
EndProject
Global
	GlobalSection(SolutionConfigurationPlatforms) = preSolution
		Debug|Any CPU = Debug|Any CPU
		Release|Any CPU = Release|Any CPU
	EndGlobalSection
	GlobalSection(ProjectConfigurationPlatforms) = postSolution
		{DC267BD8-7372-4100-926B-ABBDEF3EAD5B}.Debug|Any CPU.ActiveCfg = Debug|Any CPU
		{DC267BD8-7372-4100-926B-ABBDEF3EAD5B}.Debug|Any CPU.Build.0 = Debug|Any CPU
		{DC267BD8-7372-4100-926B-ABBDEF3EAD5B}.Release|Any CPU.ActiveCfg = Release|Any CPU
		{DC267BD8-7372-4100-926B-ABBDEF3EAD5B}.Release|Any CPU.Build.0 = Release|Any CPU
	EndGlobalSection
	GlobalSection(SolutionProperties) = preSolution
		HideSolutionNode = FALSE
	EndGlobalSection
	GlobalSection(ExtensibilityGlobals) = postSolution
		SolutionGuid = {AC43D4B9-3B72-4147-BC43-8E74C1F4B361}
	EndGlobalSection
EndGlobal
