
Microsoft Visual Studio Solution File, Format Version 12.00
# Visual Studio Version 17
VisualStudioVersion = 17.6.33723.286
MinimumVisualStudioVersion = 10.0.40219.1
Project("{FAE04EC0-301F-11D3-BF4B-00C04F79EFBC}") = "Sexoaplicacion", "Sexoaplicacion\Sexoaplicacion.csproj", "{9CF23D12-9672-4586-B230-9F1C23EA4E5E}"
EndProject
Global
	GlobalSection(SolutionConfigurationPlatforms) = preSolution
		Debug|Any CPU = Debug|Any CPU
		Release|Any CPU = Release|Any CPU
	EndGlobalSection
	GlobalSection(ProjectConfigurationPlatforms) = postSolution
		{9CF23D12-9672-4586-B230-9F1C23EA4E5E}.Debug|Any CPU.ActiveCfg = Debug|Any CPU
		{9CF23D12-9672-4586-B230-9F1C23EA4E5E}.Debug|Any CPU.Build.0 = Debug|Any CPU
		{9CF23D12-9672-4586-B230-9F1C23EA4E5E}.Release|Any CPU.ActiveCfg = Release|Any CPU
		{9CF23D12-9672-4586-B230-9F1C23EA4E5E}.Release|Any CPU.Build.0 = Release|Any CPU
	EndGlobalSection
	GlobalSection(SolutionProperties) = preSolution
		HideSolutionNode = FALSE
	EndGlobalSection
	GlobalSection(ExtensibilityGlobals) = postSolution
		SolutionGuid = {16DB077E-C389-4188-BB28-811B9C92B569}
	EndGlobalSection
EndGlobal
